
Microsoft Visual Studio Solution File, Format Version 12.00
# Visual Studio Version 16
VisualStudioVersion = 16.0.31105.61
MinimumVisualStudioVersion = 10.0.40219.1
Project("{FAE04EC0-301F-11D3-BF4B-00C04F79EFBC}") = "VacationManager", "VacationManager.csproj", "{CA9414A1-D546-4156-8542-729868D56451}"
EndProject
Project("{FAE04EC0-301F-11D3-BF4B-00C04F79EFBC}") = "Data", "..\Data\Data.csproj", "{751C2260-58B4-438D-B138-B3090D46015E}"
EndProject
Global
	GlobalSection(SolutionConfigurationPlatforms) = preSolution
		Debug|Any CPU = Debug|Any CPU
		Release|Any CPU = Release|Any CPU
	EndGlobalSection
	GlobalSection(ProjectConfigurationPlatforms) = postSolution
		{CA9414A1-D546-4156-8542-729868D56451}.Debug|Any CPU.ActiveCfg = Debug|Any CPU
		{CA9414A1-D546-4156-8542-729868D56451}.Debug|Any CPU.Build.0 = Debug|Any CPU
		{CA9414A1-D546-4156-8542-729868D56451}.Release|Any CPU.ActiveCfg = Release|Any CPU
		{CA9414A1-D546-4156-8542-729868D56451}.Release|Any CPU.Build.0 = Release|Any CPU
		{751C2260-58B4-438D-B138-B3090D46015E}.Debug|Any CPU.ActiveCfg = Debug|Any CPU
		{751C2260-58B4-438D-B138-B3090D46015E}.Debug|Any CPU.Build.0 = Debug|Any CPU
		{751C2260-58B4-438D-B138-B3090D46015E}.Release|Any CPU.ActiveCfg = Release|Any CPU
		{751C2260-58B4-438D-B138-B3090D46015E}.Release|Any CPU.Build.0 = Release|Any CPU
	EndGlobalSection
	GlobalSection(SolutionProperties) = preSolution
		HideSolutionNode = FALSE
	EndGlobalSection
	GlobalSection(ExtensibilityGlobals) = postSolution
		SolutionGuid = {08003900-0C55-47AA-BF5C-E1EAFFB513B9}
	EndGlobalSection
EndGlobal
