
Microsoft Visual Studio Solution File, Format Version 12.00
# Visual Studio Version 16
VisualStudioVersion = 16.0.31105.61
MinimumVisualStudioVersion = 10.0.40219.1
Project("{FAE04EC0-301F-11D3-BF4B-00C04F79EFBC}") = "VacationManager", "VacationManager.csproj", "{E1622B39-7049-4227-989C-77176506823E}"
EndProject
Project("{FAE04EC0-301F-11D3-BF4B-00C04F79EFBC}") = "Data", "..\Data\Data.csproj", "{912A6832-C0CD-48A2-B47E-38F9A0E3E5EA}"
EndProject
Global
	GlobalSection(SolutionConfigurationPlatforms) = preSolution
		Debug|Any CPU = Debug|Any CPU
		Release|Any CPU = Release|Any CPU
	EndGlobalSection
	GlobalSection(ProjectConfigurationPlatforms) = postSolution
		{E1622B39-7049-4227-989C-77176506823E}.Debug|Any CPU.ActiveCfg = Debug|Any CPU
		{E1622B39-7049-4227-989C-77176506823E}.Debug|Any CPU.Build.0 = Debug|Any CPU
		{E1622B39-7049-4227-989C-77176506823E}.Release|Any CPU.ActiveCfg = Release|Any CPU
		{E1622B39-7049-4227-989C-77176506823E}.Release|Any CPU.Build.0 = Release|Any CPU
		{912A6832-C0CD-48A2-B47E-38F9A0E3E5EA}.Debug|Any CPU.ActiveCfg = Debug|Any CPU
		{912A6832-C0CD-48A2-B47E-38F9A0E3E5EA}.Debug|Any CPU.Build.0 = Debug|Any CPU
		{912A6832-C0CD-48A2-B47E-38F9A0E3E5EA}.Release|Any CPU.ActiveCfg = Release|Any CPU
		{912A6832-C0CD-48A2-B47E-38F9A0E3E5EA}.Release|Any CPU.Build.0 = Release|Any CPU
	EndGlobalSection
	GlobalSection(SolutionProperties) = preSolution
		HideSolutionNode = FALSE
	EndGlobalSection
	GlobalSection(ExtensibilityGlobals) = postSolution
		SolutionGuid = {E4CE8EA4-DD03-41AA-9C9C-796FAD228687}
	EndGlobalSection
EndGlobal
